
Microsoft Visual Studio Solution File, Format Version 12.00
# Visual Studio 14
VisualStudioVersion = 14.0.25420.1
MinimumVisualStudioVersion = 10.0.40219.1
Project("{FAE04EC0-301F-11D3-BF4B-00C04F79EFBC}") = "GDDST.DI.NetServerConsoleDemo", "GDDST.DI.NetServerConsoleDemo\GDDST.DI.NetServerConsoleDemo.csproj", "{F62A9ADD-8A08-4C9D-9266-36106BBB12C2}"
EndProject
Project("{FAE04EC0-301F-11D3-BF4B-00C04F79EFBC}") = "GDDST.DI.NetClientConsoleDemo", "GDDST.DI.NetClientConsoleDemo\GDDST.DI.NetClientConsoleDemo.csproj", "{0C00B01A-EB56-45ED-A84F-BE9CFF8F37D5}"
EndProject
Project("{FAE04EC0-301F-11D3-BF4B-00C04F79EFBC}") = "GDDST.DI.NetClientFormDemo", "GDDST.DI.NetClientFormDemo\GDDST.DI.NetClientFormDemo.csproj", "{EDC08FED-74A0-4208-8DF7-8CCD673067F0}"
EndProject
Project("{FAE04EC0-301F-11D3-BF4B-00C04F79EFBC}") = "GDDST.DI.GetDataServer", "GDDST.DI.GetDataServer\GDDST.DI.GetDataServer.csproj", "{1A40AF93-7BC9-4C43-AD1D-571AA7886AFC}"
EndProject
Project("{FAE04EC0-301F-11D3-BF4B-00C04F79EFBC}") = "GDDST.DI.NetConsoleDemo", "GDDST.DI.NetConsoleDemo\GDDST.DI.NetConsoleDemo.csproj", "{835E431C-B702-4A82-9265-CB36E1A52645}"
EndProject
Project("{FAE04EC0-301F-11D3-BF4B-00C04F79EFBC}") = "GDDST.DI.Driver", "GDDST.DI.Driver\GDDST.DI.Driver.csproj", "{07889F56-55C2-4DD1-B81D-6481CECB10E7}"
EndProject
Project("{FAE04EC0-301F-11D3-BF4B-00C04F79EFBC}") = "GDDST.DI.DataServer", "GDDST.DI.DataServer\GDDST.DI.DataServer.csproj", "{1905435B-3E79-422E-8ACE-F7F8355A45DB}"
EndProject
Project("{FAE04EC0-301F-11D3-BF4B-00C04F79EFBC}") = "GDDST.DI.DataServerWinSvc", "GDDST.DI.DataServerWinSvc\GDDST.DI.DataServerWinSvc.csproj", "{FD1F0696-84D5-4A73-9B1A-C0598685E122}"
EndProject
Global
	GlobalSection(SolutionConfigurationPlatforms) = preSolution
		Debug|Any CPU = Debug|Any CPU
		Release|Any CPU = Release|Any CPU
	EndGlobalSection
	GlobalSection(ProjectConfigurationPlatforms) = postSolution
		{F62A9ADD-8A08-4C9D-9266-36106BBB12C2}.Debug|Any CPU.ActiveCfg = Debug|Any CPU
		{F62A9ADD-8A08-4C9D-9266-36106BBB12C2}.Debug|Any CPU.Build.0 = Debug|Any CPU
		{F62A9ADD-8A08-4C9D-9266-36106BBB12C2}.Release|Any CPU.ActiveCfg = Release|Any CPU
		{F62A9ADD-8A08-4C9D-9266-36106BBB12C2}.Release|Any CPU.Build.0 = Release|Any CPU
		{0C00B01A-EB56-45ED-A84F-BE9CFF8F37D5}.Debug|Any CPU.ActiveCfg = Debug|Any CPU
		{0C00B01A-EB56-45ED-A84F-BE9CFF8F37D5}.Debug|Any CPU.Build.0 = Debug|Any CPU
		{0C00B01A-EB56-45ED-A84F-BE9CFF8F37D5}.Release|Any CPU.ActiveCfg = Release|Any CPU
		{0C00B01A-EB56-45ED-A84F-BE9CFF8F37D5}.Release|Any CPU.Build.0 = Release|Any CPU
		{EDC08FED-74A0-4208-8DF7-8CCD673067F0}.Debug|Any CPU.ActiveCfg = Debug|Any CPU
		{EDC08FED-74A0-4208-8DF7-8CCD673067F0}.Debug|Any CPU.Build.0 = Debug|Any CPU
		{EDC08FED-74A0-4208-8DF7-8CCD673067F0}.Release|Any CPU.ActiveCfg = Release|Any CPU
		{EDC08FED-74A0-4208-8DF7-8CCD673067F0}.Release|Any CPU.Build.0 = Release|Any CPU
		{1A40AF93-7BC9-4C43-AD1D-571AA7886AFC}.Debug|Any CPU.ActiveCfg = Debug|Any CPU
		{1A40AF93-7BC9-4C43-AD1D-571AA7886AFC}.Debug|Any CPU.Build.0 = Debug|Any CPU
		{1A40AF93-7BC9-4C43-AD1D-571AA7886AFC}.Release|Any CPU.ActiveCfg = Release|Any CPU
		{1A40AF93-7BC9-4C43-AD1D-571AA7886AFC}.Release|Any CPU.Build.0 = Release|Any CPU
		{835E431C-B702-4A82-9265-CB36E1A52645}.Debug|Any CPU.ActiveCfg = Debug|Any CPU
		{835E431C-B702-4A82-9265-CB36E1A52645}.Debug|Any CPU.Build.0 = Debug|Any CPU
		{835E431C-B702-4A82-9265-CB36E1A52645}.Release|Any CPU.ActiveCfg = Release|Any CPU
		{835E431C-B702-4A82-9265-CB36E1A52645}.Release|Any CPU.Build.0 = Release|Any CPU
		{07889F56-55C2-4DD1-B81D-6481CECB10E7}.Debug|Any CPU.ActiveCfg = Debug|Any CPU
		{07889F56-55C2-4DD1-B81D-6481CECB10E7}.Debug|Any CPU.Build.0 = Debug|Any CPU
		{07889F56-55C2-4DD1-B81D-6481CECB10E7}.Release|Any CPU.ActiveCfg = Release|Any CPU
		{07889F56-55C2-4DD1-B81D-6481CECB10E7}.Release|Any CPU.Build.0 = Release|Any CPU
		{1905435B-3E79-422E-8ACE-F7F8355A45DB}.Debug|Any CPU.ActiveCfg = Debug|Any CPU
		{1905435B-3E79-422E-8ACE-F7F8355A45DB}.Debug|Any CPU.Build.0 = Debug|Any CPU
		{1905435B-3E79-422E-8ACE-F7F8355A45DB}.Release|Any CPU.ActiveCfg = Release|Any CPU
		{1905435B-3E79-422E-8ACE-F7F8355A45DB}.Release|Any CPU.Build.0 = Release|Any CPU
		{FD1F0696-84D5-4A73-9B1A-C0598685E122}.Debug|Any CPU.ActiveCfg = Debug|Any CPU
		{FD1F0696-84D5-4A73-9B1A-C0598685E122}.Debug|Any CPU.Build.0 = Debug|Any CPU
		{FD1F0696-84D5-4A73-9B1A-C0598685E122}.Release|Any CPU.ActiveCfg = Release|Any CPU
		{FD1F0696-84D5-4A73-9B1A-C0598685E122}.Release|Any CPU.Build.0 = Release|Any CPU
	EndGlobalSection
	GlobalSection(SolutionProperties) = preSolution
		HideSolutionNode = FALSE
	EndGlobalSection
EndGlobal
