
Microsoft Visual Studio Solution File, Format Version 12.00
# Visual Studio 14
VisualStudioVersion = 14.0.25420.1
MinimumVisualStudioVersion = 10.0.40219.1
Project("{FAE04EC0-301F-11D3-BF4B-00C04F79EFBC}") = "MEFDemo", "MEFDemo\MEFDemo.csproj", "{12976CC8-4A2E-4B73-A604-9C93D0DBE49F}"
EndProject
Project("{FAE04EC0-301F-11D3-BF4B-00C04F79EFBC}") = "MefDemo2", "MefDemo2\MefDemo2.csproj", "{89A535DB-952C-45F7-B5ED-679D6FB27934}"
EndProject
Project("{FAE04EC0-301F-11D3-BF4B-00C04F79EFBC}") = "MefPluginDemo", "MefPluginDemo\MefPluginDemo.csproj", "{1DDC8F13-14CC-4B1A-8521-002CFF15C7AA}"
EndProject
Project("{FAE04EC0-301F-11D3-BF4B-00C04F79EFBC}") = "MefCommand01", "MefCommand01\MefCommand01.csproj", "{45CB34EB-7DAE-466E-A49A-1EE2DF1794CE}"
EndProject
Project("{FAE04EC0-301F-11D3-BF4B-00C04F79EFBC}") = "MefTool01", "MefTool01\MefTool01.csproj", "{36BBA524-9664-4BA9-A224-1CF356C0C987}"
EndProject
Project("{FAE04EC0-301F-11D3-BF4B-00C04F79EFBC}") = "MefHost01", "MefHost01\MefHost01.csproj", "{077FAEFF-7EE4-4351-8321-DD310C3616DC}"
EndProject
Project("{FAE04EC0-301F-11D3-BF4B-00C04F79EFBC}") = "MefHost02", "MefHost02\MefHost02.csproj", "{FA5BA5AF-D0B5-4A4C-A371-4B354D05617C}"
EndProject
Project("{FAE04EC0-301F-11D3-BF4B-00C04F79EFBC}") = "WpfLayout01", "WpfLayout01\WpfLayout01.csproj", "{B3D3C74A-8762-4AC2-9352-C184542FFDA7}"
EndProject
Global
	GlobalSection(SolutionConfigurationPlatforms) = preSolution
		Debug|Any CPU = Debug|Any CPU
		Release|Any CPU = Release|Any CPU
	EndGlobalSection
	GlobalSection(ProjectConfigurationPlatforms) = postSolution
		{12976CC8-4A2E-4B73-A604-9C93D0DBE49F}.Debug|Any CPU.ActiveCfg = Debug|Any CPU
		{12976CC8-4A2E-4B73-A604-9C93D0DBE49F}.Debug|Any CPU.Build.0 = Debug|Any CPU
		{12976CC8-4A2E-4B73-A604-9C93D0DBE49F}.Release|Any CPU.ActiveCfg = Release|Any CPU
		{12976CC8-4A2E-4B73-A604-9C93D0DBE49F}.Release|Any CPU.Build.0 = Release|Any CPU
		{89A535DB-952C-45F7-B5ED-679D6FB27934}.Debug|Any CPU.ActiveCfg = Debug|Any CPU
		{89A535DB-952C-45F7-B5ED-679D6FB27934}.Debug|Any CPU.Build.0 = Debug|Any CPU
		{89A535DB-952C-45F7-B5ED-679D6FB27934}.Release|Any CPU.ActiveCfg = Release|Any CPU
		{89A535DB-952C-45F7-B5ED-679D6FB27934}.Release|Any CPU.Build.0 = Release|Any CPU
		{1DDC8F13-14CC-4B1A-8521-002CFF15C7AA}.Debug|Any CPU.ActiveCfg = Debug|Any CPU
		{1DDC8F13-14CC-4B1A-8521-002CFF15C7AA}.Debug|Any CPU.Build.0 = Debug|Any CPU
		{1DDC8F13-14CC-4B1A-8521-002CFF15C7AA}.Release|Any CPU.ActiveCfg = Release|Any CPU
		{1DDC8F13-14CC-4B1A-8521-002CFF15C7AA}.Release|Any CPU.Build.0 = Release|Any CPU
		{45CB34EB-7DAE-466E-A49A-1EE2DF1794CE}.Debug|Any CPU.ActiveCfg = Debug|Any CPU
		{45CB34EB-7DAE-466E-A49A-1EE2DF1794CE}.Debug|Any CPU.Build.0 = Debug|Any CPU
		{45CB34EB-7DAE-466E-A49A-1EE2DF1794CE}.Release|Any CPU.ActiveCfg = Release|Any CPU
		{45CB34EB-7DAE-466E-A49A-1EE2DF1794CE}.Release|Any CPU.Build.0 = Release|Any CPU
		{36BBA524-9664-4BA9-A224-1CF356C0C987}.Debug|Any CPU.ActiveCfg = Debug|Any CPU
		{36BBA524-9664-4BA9-A224-1CF356C0C987}.Debug|Any CPU.Build.0 = Debug|Any CPU
		{36BBA524-9664-4BA9-A224-1CF356C0C987}.Release|Any CPU.ActiveCfg = Release|Any CPU
		{36BBA524-9664-4BA9-A224-1CF356C0C987}.Release|Any CPU.Build.0 = Release|Any CPU
		{077FAEFF-7EE4-4351-8321-DD310C3616DC}.Debug|Any CPU.ActiveCfg = Debug|Any CPU
		{077FAEFF-7EE4-4351-8321-DD310C3616DC}.Debug|Any CPU.Build.0 = Debug|Any CPU
		{077FAEFF-7EE4-4351-8321-DD310C3616DC}.Release|Any CPU.ActiveCfg = Release|Any CPU
		{077FAEFF-7EE4-4351-8321-DD310C3616DC}.Release|Any CPU.Build.0 = Release|Any CPU
		{FA5BA5AF-D0B5-4A4C-A371-4B354D05617C}.Debug|Any CPU.ActiveCfg = Debug|Any CPU
		{FA5BA5AF-D0B5-4A4C-A371-4B354D05617C}.Debug|Any CPU.Build.0 = Debug|Any CPU
		{FA5BA5AF-D0B5-4A4C-A371-4B354D05617C}.Release|Any CPU.ActiveCfg = Release|Any CPU
		{FA5BA5AF-D0B5-4A4C-A371-4B354D05617C}.Release|Any CPU.Build.0 = Release|Any CPU
		{B3D3C74A-8762-4AC2-9352-C184542FFDA7}.Debug|Any CPU.ActiveCfg = Debug|Any CPU
		{B3D3C74A-8762-4AC2-9352-C184542FFDA7}.Debug|Any CPU.Build.0 = Debug|Any CPU
		{B3D3C74A-8762-4AC2-9352-C184542FFDA7}.Release|Any CPU.ActiveCfg = Release|Any CPU
		{B3D3C74A-8762-4AC2-9352-C184542FFDA7}.Release|Any CPU.Build.0 = Release|Any CPU
	EndGlobalSection
	GlobalSection(SolutionProperties) = preSolution
		HideSolutionNode = FALSE
	EndGlobalSection
EndGlobal
