
Microsoft Visual Studio Solution File, Format Version 12.00
# Visual Studio 14
VisualStudioVersion = 14.0.25420.1
MinimumVisualStudioVersion = 10.0.40219.1
Project("{FAE04EC0-301F-11D3-BF4B-00C04F79EFBC}") = "DS.GIS.MAIN", "..\DS.GIS.MAIN\DS.GIS.MAIN.csproj", "{99C841F9-BBDE-4030-9CCA-6C7A05012E35}"
EndProject
Project("{FAE04EC0-301F-11D3-BF4B-00C04F79EFBC}") = "DS.GIS.EsriControls", "..\DS.GIS.EsriControls\DS.GIS.EsriControls.csproj", "{649AD0E8-1A41-4D34-A86F-F2684D729D72}"
EndProject
Project("{FAE04EC0-301F-11D3-BF4B-00C04F79EFBC}") = "DS.GIS.Controls", "..\DS.GIS.Controls\DS.GIS.Controls.csproj", "{BB5248CC-11C2-44A0-886F-565A4DC08A1A}"
EndProject
Global
	GlobalSection(SolutionConfigurationPlatforms) = preSolution
		Debug|Any CPU = Debug|Any CPU
		Release|Any CPU = Release|Any CPU
	EndGlobalSection
	GlobalSection(ProjectConfigurationPlatforms) = postSolution
		{99C841F9-BBDE-4030-9CCA-6C7A05012E35}.Debug|Any CPU.ActiveCfg = Debug|Any CPU
		{99C841F9-BBDE-4030-9CCA-6C7A05012E35}.Debug|Any CPU.Build.0 = Debug|Any CPU
		{99C841F9-BBDE-4030-9CCA-6C7A05012E35}.Release|Any CPU.ActiveCfg = Release|Any CPU
		{99C841F9-BBDE-4030-9CCA-6C7A05012E35}.Release|Any CPU.Build.0 = Release|Any CPU
		{649AD0E8-1A41-4D34-A86F-F2684D729D72}.Debug|Any CPU.ActiveCfg = Debug|Any CPU
		{649AD0E8-1A41-4D34-A86F-F2684D729D72}.Debug|Any CPU.Build.0 = Debug|Any CPU
		{649AD0E8-1A41-4D34-A86F-F2684D729D72}.Release|Any CPU.ActiveCfg = Release|Any CPU
		{649AD0E8-1A41-4D34-A86F-F2684D729D72}.Release|Any CPU.Build.0 = Release|Any CPU
		{BB5248CC-11C2-44A0-886F-565A4DC08A1A}.Debug|Any CPU.ActiveCfg = Debug|Any CPU
		{BB5248CC-11C2-44A0-886F-565A4DC08A1A}.Debug|Any CPU.Build.0 = Debug|Any CPU
		{BB5248CC-11C2-44A0-886F-565A4DC08A1A}.Release|Any CPU.ActiveCfg = Release|Any CPU
		{BB5248CC-11C2-44A0-886F-565A4DC08A1A}.Release|Any CPU.Build.0 = Release|Any CPU
	EndGlobalSection
	GlobalSection(SolutionProperties) = preSolution
		HideSolutionNode = FALSE
	EndGlobalSection
EndGlobal
