
Microsoft Visual Studio Solution File, Format Version 12.00
# Visual Studio 14
VisualStudioVersion = 14.0.25420.1
MinimumVisualStudioVersion = 10.0.40219.1
Project("{FAE04EC0-301F-11D3-BF4B-00C04F79EFBC}") = "StreamDemo", "StreamDemo\StreamDemo.csproj", "{AA40D5E1-FAF3-40C0-9313-5B2DF9E59B43}"
EndProject
Project("{FAE04EC0-301F-11D3-BF4B-00C04F79EFBC}") = "ManulResetEventDemo", "ManulResetEventDemo\ManulResetEventDemo.csproj", "{B7408679-2B7E-4A4B-A8D1-5BA46C94ED76}"
EndProject
Global
	GlobalSection(SolutionConfigurationPlatforms) = preSolution
		Debug|Any CPU = Debug|Any CPU
		Release|Any CPU = Release|Any CPU
	EndGlobalSection
	GlobalSection(ProjectConfigurationPlatforms) = postSolution
		{AA40D5E1-FAF3-40C0-9313-5B2DF9E59B43}.Debug|Any CPU.ActiveCfg = Debug|Any CPU
		{AA40D5E1-FAF3-40C0-9313-5B2DF9E59B43}.Debug|Any CPU.Build.0 = Debug|Any CPU
		{AA40D5E1-FAF3-40C0-9313-5B2DF9E59B43}.Release|Any CPU.ActiveCfg = Release|Any CPU
		{AA40D5E1-FAF3-40C0-9313-5B2DF9E59B43}.Release|Any CPU.Build.0 = Release|Any CPU
		{B7408679-2B7E-4A4B-A8D1-5BA46C94ED76}.Debug|Any CPU.ActiveCfg = Debug|Any CPU
		{B7408679-2B7E-4A4B-A8D1-5BA46C94ED76}.Debug|Any CPU.Build.0 = Debug|Any CPU
		{B7408679-2B7E-4A4B-A8D1-5BA46C94ED76}.Release|Any CPU.ActiveCfg = Release|Any CPU
		{B7408679-2B7E-4A4B-A8D1-5BA46C94ED76}.Release|Any CPU.Build.0 = Release|Any CPU
	EndGlobalSection
	GlobalSection(SolutionProperties) = preSolution
		HideSolutionNode = FALSE
	EndGlobalSection
EndGlobal
