
Microsoft Visual Studio Solution File, Format Version 12.00
# Visual Studio 14
VisualStudioVersion = 14.0.25420.1
MinimumVisualStudioVersion = 10.0.40219.1
Project("{FAE04EC0-301F-11D3-BF4B-00C04F79EFBC}") = "WCFDemo.WinSvc", "WCFDemo.WinSvc\WCFDemo.WinSvc.csproj", "{B3974DF9-F436-4776-8924-7BBBC94A6C08}"
EndProject
Project("{FAE04EC0-301F-11D3-BF4B-00C04F79EFBC}") = "WCFDemo.RestSvcLib", "WCFDemo.RestSvcLib\WCFDemo.RestSvcLib.csproj", "{D4C47F31-AC5B-4078-AA2B-91B91B77C613}"
EndProject
Project("{FAE04EC0-301F-11D3-BF4B-00C04F79EFBC}") = "WCFDemo.WinSvcHost", "WCFDemo.WinSvcHost\WCFDemo.WinSvcHost.csproj", "{469218EC-F8AB-4E4C-87AD-82A337482781}"
EndProject
Global
	GlobalSection(SolutionConfigurationPlatforms) = preSolution
		Debug|Any CPU = Debug|Any CPU
		Release|Any CPU = Release|Any CPU
	EndGlobalSection
	GlobalSection(ProjectConfigurationPlatforms) = postSolution
		{B3974DF9-F436-4776-8924-7BBBC94A6C08}.Debug|Any CPU.ActiveCfg = Debug|Any CPU
		{B3974DF9-F436-4776-8924-7BBBC94A6C08}.Debug|Any CPU.Build.0 = Debug|Any CPU
		{B3974DF9-F436-4776-8924-7BBBC94A6C08}.Release|Any CPU.ActiveCfg = Release|Any CPU
		{B3974DF9-F436-4776-8924-7BBBC94A6C08}.Release|Any CPU.Build.0 = Release|Any CPU
		{D4C47F31-AC5B-4078-AA2B-91B91B77C613}.Debug|Any CPU.ActiveCfg = Debug|Any CPU
		{D4C47F31-AC5B-4078-AA2B-91B91B77C613}.Debug|Any CPU.Build.0 = Debug|Any CPU
		{D4C47F31-AC5B-4078-AA2B-91B91B77C613}.Release|Any CPU.ActiveCfg = Release|Any CPU
		{D4C47F31-AC5B-4078-AA2B-91B91B77C613}.Release|Any CPU.Build.0 = Release|Any CPU
		{469218EC-F8AB-4E4C-87AD-82A337482781}.Debug|Any CPU.ActiveCfg = Debug|Any CPU
		{469218EC-F8AB-4E4C-87AD-82A337482781}.Debug|Any CPU.Build.0 = Debug|Any CPU
		{469218EC-F8AB-4E4C-87AD-82A337482781}.Release|Any CPU.ActiveCfg = Release|Any CPU
		{469218EC-F8AB-4E4C-87AD-82A337482781}.Release|Any CPU.Build.0 = Release|Any CPU
	EndGlobalSection
	GlobalSection(SolutionProperties) = preSolution
		HideSolutionNode = FALSE
	EndGlobalSection
EndGlobal
