
Microsoft Visual Studio Solution File, Format Version 12.00
# Visual Studio 14
VisualStudioVersion = 14.0.25420.1
MinimumVisualStudioVersion = 10.0.40219.1
Project("{FAE04EC0-301F-11D3-BF4B-00C04F79EFBC}") = "GDDST.GIS", "GDDST.GIS\GDDST.GIS.csproj", "{137ED1BF-0AA9-4ECC-93ED-D0EC86CD70CE}"
EndProject
Project("{FAE04EC0-301F-11D3-BF4B-00C04F79EFBC}") = "GDDST.GIS.PluginEngine", "GDDST.GIS.PluginEngine\GDDST.GIS.PluginEngine.csproj", "{E915E0FE-7841-468B-B7C2-A65406A096CB}"
EndProject
Project("{FAE04EC0-301F-11D3-BF4B-00C04F79EFBC}") = "GDDST.GIS.UIStyle", "GDDST.GIS.UIStyle\GDDST.GIS.UIStyle.csproj", "{34BB8471-1B55-4245-90D9-A8B539E380F9}"
EndProject
Project("{FAE04EC0-301F-11D3-BF4B-00C04F79EFBC}") = "GDDST.GIS.MapQuery", "GDDST.GIS.MapQuery\GDDST.GIS.MapQuery.csproj", "{44E1A9EC-6817-42F5-90D4-87AD04A9A7BA}"
EndProject
Project("{FAE04EC0-301F-11D3-BF4B-00C04F79EFBC}") = "GDDST.GIS.EsriControls", "GDDST.GIS.EsriControls\GDDST.GIS.EsriControls.csproj", "{D6CDD4A1-5099-4FE4-B969-F15051F9F897}"
EndProject
Project("{FAE04EC0-301F-11D3-BF4B-00C04F79EFBC}") = "GDDST.GIS.EsriDataConnection", "GDDST.GIS.EsriDataConnection\GDDST.GIS.EsriDataConnection.csproj", "{097C3E41-E80E-4E3E-B84B-4F422FC21669}"
EndProject
Project("{FAE04EC0-301F-11D3-BF4B-00C04F79EFBC}") = "GDDST.GIS.EsriUtils", "GDDST.GIS.EsriUtils\GDDST.GIS.EsriUtils.csproj", "{1F41CAD8-D725-456E-8960-8405FAEECBD2}"
EndProject
Project("{FAE04EC0-301F-11D3-BF4B-00C04F79EFBC}") = "GDDST.GIS.dsSystem", "GDDST.GIS.dsSystem\GDDST.GIS.dsSystem.csproj", "{73BD1974-2D6D-481E-941B-44501D30A750}"
EndProject
Project("{FAE04EC0-301F-11D3-BF4B-00C04F79EFBC}") = "GDDST.GIS.EsriDataQuery", "GDDST.GIS.EsriDataQuery\GDDST.GIS.EsriDataQuery.csproj", "{EB9B511C-4452-4077-A499-E4DD794D8497}"
EndProject
Project("{FAE04EC0-301F-11D3-BF4B-00C04F79EFBC}") = "AvalonDock", "AvalonDock\AvalonDock.csproj", "{DB81988F-E0F2-45A0-A1FD-8C37F3D35244}"
EndProject
Project("{FAE04EC0-301F-11D3-BF4B-00C04F79EFBC}") = "GDDST.WPF.Controls", "GDDST.WPF.Controls\GDDST.WPF.Controls.csproj", "{520DC2A3-DBDB-4099-ABFE-A19E0B413EC7}"
EndProject
Global
	GlobalSection(SolutionConfigurationPlatforms) = preSolution
		Debug|Any CPU = Debug|Any CPU
		Release|Any CPU = Release|Any CPU
	EndGlobalSection
	GlobalSection(ProjectConfigurationPlatforms) = postSolution
		{137ED1BF-0AA9-4ECC-93ED-D0EC86CD70CE}.Debug|Any CPU.ActiveCfg = Debug|Any CPU
		{137ED1BF-0AA9-4ECC-93ED-D0EC86CD70CE}.Debug|Any CPU.Build.0 = Debug|Any CPU
		{137ED1BF-0AA9-4ECC-93ED-D0EC86CD70CE}.Release|Any CPU.ActiveCfg = Release|Any CPU
		{137ED1BF-0AA9-4ECC-93ED-D0EC86CD70CE}.Release|Any CPU.Build.0 = Release|Any CPU
		{E915E0FE-7841-468B-B7C2-A65406A096CB}.Debug|Any CPU.ActiveCfg = Debug|Any CPU
		{E915E0FE-7841-468B-B7C2-A65406A096CB}.Debug|Any CPU.Build.0 = Debug|Any CPU
		{E915E0FE-7841-468B-B7C2-A65406A096CB}.Release|Any CPU.ActiveCfg = Release|Any CPU
		{E915E0FE-7841-468B-B7C2-A65406A096CB}.Release|Any CPU.Build.0 = Release|Any CPU
		{34BB8471-1B55-4245-90D9-A8B539E380F9}.Debug|Any CPU.ActiveCfg = Debug|Any CPU
		{34BB8471-1B55-4245-90D9-A8B539E380F9}.Debug|Any CPU.Build.0 = Debug|Any CPU
		{34BB8471-1B55-4245-90D9-A8B539E380F9}.Release|Any CPU.ActiveCfg = Release|Any CPU
		{34BB8471-1B55-4245-90D9-A8B539E380F9}.Release|Any CPU.Build.0 = Release|Any CPU
		{44E1A9EC-6817-42F5-90D4-87AD04A9A7BA}.Debug|Any CPU.ActiveCfg = Debug|Any CPU
		{44E1A9EC-6817-42F5-90D4-87AD04A9A7BA}.Debug|Any CPU.Build.0 = Debug|Any CPU
		{44E1A9EC-6817-42F5-90D4-87AD04A9A7BA}.Release|Any CPU.ActiveCfg = Release|Any CPU
		{44E1A9EC-6817-42F5-90D4-87AD04A9A7BA}.Release|Any CPU.Build.0 = Release|Any CPU
		{D6CDD4A1-5099-4FE4-B969-F15051F9F897}.Debug|Any CPU.ActiveCfg = Debug|Any CPU
		{D6CDD4A1-5099-4FE4-B969-F15051F9F897}.Debug|Any CPU.Build.0 = Debug|Any CPU
		{D6CDD4A1-5099-4FE4-B969-F15051F9F897}.Release|Any CPU.ActiveCfg = Release|Any CPU
		{D6CDD4A1-5099-4FE4-B969-F15051F9F897}.Release|Any CPU.Build.0 = Release|Any CPU
		{097C3E41-E80E-4E3E-B84B-4F422FC21669}.Debug|Any CPU.ActiveCfg = Debug|Any CPU
		{097C3E41-E80E-4E3E-B84B-4F422FC21669}.Debug|Any CPU.Build.0 = Debug|Any CPU
		{097C3E41-E80E-4E3E-B84B-4F422FC21669}.Release|Any CPU.ActiveCfg = Release|Any CPU
		{097C3E41-E80E-4E3E-B84B-4F422FC21669}.Release|Any CPU.Build.0 = Release|Any CPU
		{1F41CAD8-D725-456E-8960-8405FAEECBD2}.Debug|Any CPU.ActiveCfg = Debug|Any CPU
		{1F41CAD8-D725-456E-8960-8405FAEECBD2}.Debug|Any CPU.Build.0 = Debug|Any CPU
		{1F41CAD8-D725-456E-8960-8405FAEECBD2}.Release|Any CPU.ActiveCfg = Release|Any CPU
		{1F41CAD8-D725-456E-8960-8405FAEECBD2}.Release|Any CPU.Build.0 = Release|Any CPU
		{73BD1974-2D6D-481E-941B-44501D30A750}.Debug|Any CPU.ActiveCfg = Debug|Any CPU
		{73BD1974-2D6D-481E-941B-44501D30A750}.Debug|Any CPU.Build.0 = Debug|Any CPU
		{73BD1974-2D6D-481E-941B-44501D30A750}.Release|Any CPU.ActiveCfg = Release|Any CPU
		{73BD1974-2D6D-481E-941B-44501D30A750}.Release|Any CPU.Build.0 = Release|Any CPU
		{EB9B511C-4452-4077-A499-E4DD794D8497}.Debug|Any CPU.ActiveCfg = Debug|Any CPU
		{EB9B511C-4452-4077-A499-E4DD794D8497}.Debug|Any CPU.Build.0 = Debug|Any CPU
		{EB9B511C-4452-4077-A499-E4DD794D8497}.Release|Any CPU.ActiveCfg = Release|Any CPU
		{EB9B511C-4452-4077-A499-E4DD794D8497}.Release|Any CPU.Build.0 = Release|Any CPU
		{DB81988F-E0F2-45A0-A1FD-8C37F3D35244}.Debug|Any CPU.ActiveCfg = Debug|Any CPU
		{DB81988F-E0F2-45A0-A1FD-8C37F3D35244}.Debug|Any CPU.Build.0 = Debug|Any CPU
		{DB81988F-E0F2-45A0-A1FD-8C37F3D35244}.Release|Any CPU.ActiveCfg = Release|Any CPU
		{DB81988F-E0F2-45A0-A1FD-8C37F3D35244}.Release|Any CPU.Build.0 = Release|Any CPU
		{520DC2A3-DBDB-4099-ABFE-A19E0B413EC7}.Debug|Any CPU.ActiveCfg = Debug|Any CPU
		{520DC2A3-DBDB-4099-ABFE-A19E0B413EC7}.Debug|Any CPU.Build.0 = Debug|Any CPU
		{520DC2A3-DBDB-4099-ABFE-A19E0B413EC7}.Release|Any CPU.ActiveCfg = Release|Any CPU
		{520DC2A3-DBDB-4099-ABFE-A19E0B413EC7}.Release|Any CPU.Build.0 = Release|Any CPU
	EndGlobalSection
	GlobalSection(SolutionProperties) = preSolution
		HideSolutionNode = FALSE
	EndGlobalSection
EndGlobal
