
Microsoft Visual Studio Solution File, Format Version 12.00
# Visual Studio 14
VisualStudioVersion = 14.0.25420.1
MinimumVisualStudioVersion = 10.0.40219.1
Project("{FAE04EC0-301F-11D3-BF4B-00C04F79EFBC}") = "NetClientDemo", "NetClientDemo\NetClientDemo.csproj", "{96DE9F90-A05B-42C4-BDCE-DAEC768E7866}"
EndProject
Project("{FAE04EC0-301F-11D3-BF4B-00C04F79EFBC}") = "NetServerDemo", "NetServerDemo\NetServerDemo.csproj", "{316270A9-5105-410D-9A1D-EB99CAEF9CA4}"
EndProject
Project("{FAE04EC0-301F-11D3-BF4B-00C04F79EFBC}") = "ClientSimulator", "ClientSimulator\ClientSimulator.csproj", "{64F63D03-0077-4E80-92E6-77BBF9FFA58A}"
EndProject
Global
	GlobalSection(SolutionConfigurationPlatforms) = preSolution
		Debug|Any CPU = Debug|Any CPU
		Release|Any CPU = Release|Any CPU
	EndGlobalSection
	GlobalSection(ProjectConfigurationPlatforms) = postSolution
		{96DE9F90-A05B-42C4-BDCE-DAEC768E7866}.Debug|Any CPU.ActiveCfg = Debug|Any CPU
		{96DE9F90-A05B-42C4-BDCE-DAEC768E7866}.Debug|Any CPU.Build.0 = Debug|Any CPU
		{96DE9F90-A05B-42C4-BDCE-DAEC768E7866}.Release|Any CPU.ActiveCfg = Release|Any CPU
		{96DE9F90-A05B-42C4-BDCE-DAEC768E7866}.Release|Any CPU.Build.0 = Release|Any CPU
		{316270A9-5105-410D-9A1D-EB99CAEF9CA4}.Debug|Any CPU.ActiveCfg = Debug|Any CPU
		{316270A9-5105-410D-9A1D-EB99CAEF9CA4}.Debug|Any CPU.Build.0 = Debug|Any CPU
		{316270A9-5105-410D-9A1D-EB99CAEF9CA4}.Release|Any CPU.ActiveCfg = Release|Any CPU
		{316270A9-5105-410D-9A1D-EB99CAEF9CA4}.Release|Any CPU.Build.0 = Release|Any CPU
		{64F63D03-0077-4E80-92E6-77BBF9FFA58A}.Debug|Any CPU.ActiveCfg = Debug|Any CPU
		{64F63D03-0077-4E80-92E6-77BBF9FFA58A}.Debug|Any CPU.Build.0 = Debug|Any CPU
		{64F63D03-0077-4E80-92E6-77BBF9FFA58A}.Release|Any CPU.ActiveCfg = Release|Any CPU
		{64F63D03-0077-4E80-92E6-77BBF9FFA58A}.Release|Any CPU.Build.0 = Release|Any CPU
	EndGlobalSection
	GlobalSection(SolutionProperties) = preSolution
		HideSolutionNode = FALSE
	EndGlobalSection
EndGlobal
